{
  "nodes": {
    "chobble-template": {
      "inputs": {
        "nixpkgs": [
          "nixpkgs"
        ]
      },
      "locked": {
        "lastModified": 0,
        "narHash": "sha256-0oALBoXRrr3VY0uWEGYK9ackGihUCoQY/dwCZUu09AE=",
        "path": "../",
        "type": "path"
      },
      "original": {
        "path": "../",
        "type": "path"
      }
    },
    "nixpkgs": {
      "locked": {
        "lastModified": 0,
        "narHash": "sha256-s1KLDALEeqy+ttrvqV3jx9mBZEvmthQErTVOAzbjHZs=",
        "path": "/nix/store/hvs4if4zly4mp0fhbh86vh208x6fs8fg-source",
        "type": "path"
      },
      "original": {
        "id": "nixpkgs",
        "type": "indirect"
      }
    },
    "root": {
      "inputs": {
        "chobble-template": "chobble-template",
        "nixpkgs": "nixpkgs"
      }
    }
  },
  "root": "root",
  "version": 7
}
